{
  "name": "qr_barcode_bulk_generator",
  "version": "1.0.0",
  "lockfileVersion": 3,
  "requires": true,
  "packages": {
    "": {
      "name": "qr_barcode_bulk_generator",
      "version": "1.0.0",
      "license": "ISC",
      "dependencies": {
        "qrcode.js": "^0.0.1"
      }
    },
    "node_modules/qrcode.js": {
      "version": "0.0.1",
      "resolved": "https://registry.npmjs.org/qrcode.js/-/qrcode.js-0.0.1.tgz",
      "integrity": "sha512-EpHuKYzjYH/+SQtAlo4NYe3wpsYzKadKa154Ch163K+jrUlz6pVInWgJlsj5d1dxngYEjuqnClfzutL8Z9rqcg==",
      "license": "Apache"
    }
  }
}
